// !$*UTF8*$!
{
	archiveVersion = 1;
	classes = {
	};
	objectVersion = 51;
	objects = {

/* Begin PBXBuildFile section */
		B01E32A3246A968700C67874 /* SecretToken.swift in Sources */ = {isa = PBXBuildFile; fileRef = B01E32A2246A968700C67874 /* SecretToken.swift */; };
		B0288845246A8CFE0039C0B3 /* AppDelegate.swift in Sources */ = {isa = PBXBuildFile; fileRef = B0288844246A8CFE0039C0B3 /* AppDelegate.swift */; };
		B0288847246A8CFE0039C0B3 /* SceneDelegate.swift in Sources */ = {isa = PBXBuildFile; fileRef = B0288846246A8CFE0039C0B3 /* SceneDelegate.swift */; };
		B0288849246A8CFE0039C0B3 /* ViewController.swift in Sources */ = {isa = PBXBuildFile; fileRef = B0288848246A8CFE0039C0B3 /* ViewController.swift */; };
		B028884C246A8CFE0039C0B3 /* Main.storyboard in Resources */ = {isa = PBXBuildFile; fileRef = B028884A246A8CFE0039C0B3 /* Main.storyboard */; };
		B028884E246A8D010039C0B3 /* Assets.xcassets in Resources */ = {isa = PBXBuildFile; fileRef = B028884D246A8D010039C0B3 /* Assets.xcassets */; };
		B0288851246A8D010039C0B3 /* LaunchScreen.storyboard in Resources */ = {isa = PBXBuildFile; fileRef = B028884F246A8D010039C0B3 /* LaunchScreen.storyboard */; };
		B028885F246A90380039C0B3 /* FirstView.swift in Sources */ = {isa = PBXBuildFile; fileRef = B028885E246A90380039C0B3 /* FirstView.swift */; };
		B0288861246A90450039C0B3 /* MainView.swift in Sources */ = {isa = PBXBuildFile; fileRef = B0288860246A90450039C0B3 /* MainView.swift */; };
		B0288863246A90530039C0B3 /* ConvertedView.swift in Sources */ = {isa = PBXBuildFile; fileRef = B0288862246A90530039C0B3 /* ConvertedView.swift */; };
		B0288865246A90650039C0B3 /* Extensions.swift in Sources */ = {isa = PBXBuildFile; fileRef = B0288864246A90650039C0B3 /* Extensions.swift */; };
		B0288867246A90760039C0B3 /* FirstViewController.swift in Sources */ = {isa = PBXBuildFile; fileRef = B0288866246A90760039C0B3 /* FirstViewController.swift */; };
		B0288869246A90820039C0B3 /* MainViewController.swift in Sources */ = {isa = PBXBuildFile; fileRef = B0288868246A90820039C0B3 /* MainViewController.swift */; };
		B028886B246A90940039C0B3 /* ConvertedViewController.swift in Sources */ = {isa = PBXBuildFile; fileRef = B028886A246A90940039C0B3 /* ConvertedViewController.swift */; };
		B028886D246A93950039C0B3 /* API.swift in Sources */ = {isa = PBXBuildFile; fileRef = B028886C246A93950039C0B3 /* API.swift */; };
		B028886F246A93BA0039C0B3 /* SecretToken.swift in Sources */ = {isa = PBXBuildFile; fileRef = B028886E246A93BA0039C0B3 /* SecretToken.swift */; };
		C695157BB04C744B2B03E156 /* Pods_ConvertHiragana.framework in Frameworks */ = {isa = PBXBuildFile; fileRef = 1D580147FC881F2B7FDBA5A9 /* Pods_ConvertHiragana.framework */; };
/* End PBXBuildFile section */

/* Begin PBXFileReference section */
		0175682F7FD2E21D3D3551C3 /* Pods-ConvertHiragana.release.xcconfig */ = {isa = PBXFileReference; includeInIndex = 1; lastKnownFileType = text.xcconfig; name = "Pods-ConvertHiragana.release.xcconfig"; path = "Target Support Files/Pods-ConvertHiragana/Pods-ConvertHiragana.release.xcconfig"; sourceTree = "<group>"; };
		1D580147FC881F2B7FDBA5A9 /* Pods_ConvertHiragana.framework */ = {isa = PBXFileReference; explicitFileType = wrapper.framework; includeInIndex = 0; path = Pods_ConvertHiragana.framework; sourceTree = BUILT_PRODUCTS_DIR; };
		B01E32A2246A968700C67874 /* SecretToken.swift */ = {isa = PBXFileReference; lastKnownFileType = sourcecode.swift; path = SecretToken.swift; sourceTree = "<group>"; };
		B0288841246A8CFE0039C0B3 /* ConvertHiragana.app */ = {isa = PBXFileReference; explicitFileType = wrapper.application; includeInIndex = 0; path = ConvertHiragana.app; sourceTree = BUILT_PRODUCTS_DIR; };
		B0288844246A8CFE0039C0B3 /* AppDelegate.swift */ = {isa = PBXFileReference; lastKnownFileType = sourcecode.swift; path = AppDelegate.swift; sourceTree = "<group>"; };
		B0288846246A8CFE0039C0B3 /* SceneDelegate.swift */ = {isa = PBXFileReference; lastKnownFileType = sourcecode.swift; path = SceneDelegate.swift; sourceTree = "<group>"; };
		B0288848246A8CFE0039C0B3 /* ViewController.swift */ = {isa = PBXFileReference; lastKnownFileType = sourcecode.swift; path = ViewController.swift; sourceTree = "<group>"; };
		B028884B246A8CFE0039C0B3 /* Base */ = {isa = PBXFileReference; lastKnownFileType = file.storyboard; name = Base; path = Base.lproj/Main.storyboard; sourceTree = "<group>"; };
		B028884D246A8D010039C0B3 /* Assets.xcassets */ = {isa = PBXFileReference; lastKnownFileType = folder.assetcatalog; path = Assets.xcassets; sourceTree = "<group>"; };
		B0288850246A8D010039C0B3 /* Base */ = {isa = PBXFileReference; lastKnownFileType = file.storyboard; name = Base; path = Base.lproj/LaunchScreen.storyboard; sourceTree = "<group>"; };
		B0288852246A8D010039C0B3 /* Info.plist */ = {isa = PBXFileReference; lastKnownFileType = text.plist.xml; path = Info.plist; sourceTree = "<group>"; };
		B028885E246A90380039C0B3 /* FirstView.swift */ = {isa = PBXFileReference; lastKnownFileType = sourcecode.swift; path = FirstView.swift; sourceTree = "<group>"; };
		B0288860246A90450039C0B3 /* MainView.swift */ = {isa = PBXFileReference; lastKnownFileType = sourcecode.swift; path = MainView.swift; sourceTree = "<group>"; };
		B0288862246A90530039C0B3 /* ConvertedView.swift */ = {isa = PBXFileReference; lastKnownFileType = sourcecode.swift; path = ConvertedView.swift; sourceTree = "<group>"; };
		B0288864246A90650039C0B3 /* Extensions.swift */ = {isa = PBXFileReference; lastKnownFileType = sourcecode.swift; path = Extensions.swift; sourceTree = "<group>"; };
		B0288866246A90760039C0B3 /* FirstViewController.swift */ = {isa = PBXFileReference; lastKnownFileType = sourcecode.swift; path = FirstViewController.swift; sourceTree = "<group>"; };
		B0288868246A90820039C0B3 /* MainViewController.swift */ = {isa = PBXFileReference; lastKnownFileType = sourcecode.swift; path = MainViewController.swift; sourceTree = "<group>"; };
		B028886A246A90940039C0B3 /* ConvertedViewController.swift */ = {isa = PBXFileReference; lastKnownFileType = sourcecode.swift; path = ConvertedViewController.swift; sourceTree = "<group>"; };
		B028886C246A93950039C0B3 /* API.swift */ = {isa = PBXFileReference; lastKnownFileType = sourcecode.swift; path = API.swift; sourceTree = "<group>"; };
		B028886E246A93BA0039C0B3 /* SecretToken.swift */ = {isa = PBXFileReference; lastKnownFileType = sourcecode.swift; path = SecretToken.swift; sourceTree = "<group>"; };
		CA0D501D7F94C6FD00B75EE5 /* Pods-ConvertHiragana.debug.xcconfig */ = {isa = PBXFileReference; includeInIndex = 1; lastKnownFileType = text.xcconfig; name = "Pods-ConvertHiragana.debug.xcconfig"; path = "Target Support Files/Pods-ConvertHiragana/Pods-ConvertHiragana.debug.xcconfig"; sourceTree = "<group>"; };
/* End PBXFileReference section */

/* Begin PBXFrameworksBuildPhase section */
		B028883E246A8CFE0039C0B3 /* Frameworks */ = {
			isa = PBXFrameworksBuildPhase;
			buildActionMask = 2147483647;
			files = (
				C695157BB04C744B2B03E156 /* Pods_ConvertHiragana.framework in Frameworks */,
			);
			runOnlyForDeploymentPostprocessing = 0;
		};
/* End PBXFrameworksBuildPhase section */

/* Begin PBXGroup section */
		8CD404D99DAF1D0876DF8AE4 /* Frameworks */ = {
			isa = PBXGroup;
			children = (
				1D580147FC881F2B7FDBA5A9 /* Pods_ConvertHiragana.framework */,
			);
			name = Frameworks;
			sourceTree = "<group>";
		};
		A58B8CD593022ECBE43B9619 /* Pods */ = {
			isa = PBXGroup;
			children = (
				CA0D501D7F94C6FD00B75EE5 /* Pods-ConvertHiragana.debug.xcconfig */,
				0175682F7FD2E21D3D3551C3 /* Pods-ConvertHiragana.release.xcconfig */,
			);
			path = Pods;
			sourceTree = "<group>";
		};
		B0288838246A8CFE0039C0B3 = {
			isa = PBXGroup;
			children = (
				B0288843246A8CFE0039C0B3 /* ConvertHiragana */,
				B0288842246A8CFE0039C0B3 /* Products */,
				A58B8CD593022ECBE43B9619 /* Pods */,
				8CD404D99DAF1D0876DF8AE4 /* Frameworks */,
			);
			sourceTree = "<group>";
		};
		B0288842246A8CFE0039C0B3 /* Products */ = {
			isa = PBXGroup;
			children = (
				B0288841246A8CFE0039C0B3 /* ConvertHiragana.app */,
			);
			name = Products;
			sourceTree = "<group>";
		};
		B0288843246A8CFE0039C0B3 /* ConvertHiragana */ = {
			isa = PBXGroup;
			children = (
				B028885D246A8FF20039C0B3 /* Utilities */,
				B028885C246A8FEF0039C0B3 /* Model */,
				B028885B246A8FED0039C0B3 /* View */,
				B028885A246A8FEB0039C0B3 /* Controller */,
				B0288844246A8CFE0039C0B3 /* AppDelegate.swift */,
				B0288846246A8CFE0039C0B3 /* SceneDelegate.swift */,
				B0288848246A8CFE0039C0B3 /* ViewController.swift */,
				B028884A246A8CFE0039C0B3 /* Main.storyboard */,
				B028884D246A8D010039C0B3 /* Assets.xcassets */,
				B028884F246A8D010039C0B3 /* LaunchScreen.storyboard */,
				B0288852246A8D010039C0B3 /* Info.plist */,
				B028886E246A93BA0039C0B3 /* SecretToken.swift */,
				B01E32A2246A968700C67874 /* SecretToken.swift */,
			);
			path = ConvertHiragana;
			sourceTree = "<group>";
		};
		B028885A246A8FEB0039C0B3 /* Controller */ = {
			isa = PBXGroup;
			children = (
				B0288866246A90760039C0B3 /* FirstViewController.swift */,
				B0288868246A90820039C0B3 /* MainViewController.swift */,
				B028886A246A90940039C0B3 /* ConvertedViewController.swift */,
			);
			path = Controller;
			sourceTree = "<group>";
		};
		B028885B246A8FED0039C0B3 /* View */ = {
			isa = PBXGroup;
			children = (
				B028885E246A90380039C0B3 /* FirstView.swift */,
				B0288860246A90450039C0B3 /* MainView.swift */,
				B0288862246A90530039C0B3 /* ConvertedView.swift */,
			);
			path = View;
			sourceTree = "<group>";
		};
		B028885C246A8FEF0039C0B3 /* Model */ = {
			isa = PBXGroup;
			children = (
				B028886C246A93950039C0B3 /* API.swift */,
			);
			path = Model;
			sourceTree = "<group>";
		};
		B028885D246A8FF20039C0B3 /* Utilities */ = {
			isa = PBXGroup;
			children = (
				B0288864246A90650039C0B3 /* Extensions.swift */,
			);
			path = Utilities;
			sourceTree = "<group>";
		};
/* End PBXGroup section */

/* Begin PBXNativeTarget section */
		B0288840246A8CFE0039C0B3 /* ConvertHiragana */ = {
			isa = PBXNativeTarget;
			buildConfigurationList = B0288855246A8D010039C0B3 /* Build configuration list for PBXNativeTarget "ConvertHiragana" */;
			buildPhases = (
				E283A76C9FEF42C76C1E9F72 /* [CP] Check Pods Manifest.lock */,
				B028883D246A8CFE0039C0B3 /* Sources */,
				B028883E246A8CFE0039C0B3 /* Frameworks */,
				B028883F246A8CFE0039C0B3 /* Resources */,
				C9054CE7161F9B93A3E84FB7 /* [CP] Embed Pods Frameworks */,
			);
			buildRules = (
			);
			dependencies = (
			);
			name = ConvertHiragana;
			productName = ConvertHiragana;
			productReference = B0288841246A8CFE0039C0B3 /* ConvertHiragana.app */;
			productType = "com.apple.product-type.application";
		};
/* End PBXNativeTarget section */

/* Begin PBXProject section */
		B0288839246A8CFE0039C0B3 /* Project object */ = {
			isa = PBXProject;
			attributes = {
				LastSwiftUpdateCheck = 1140;
				LastUpgradeCheck = 1140;
				ORGANIZATIONNAME = "Naoki-Yuzu";
				TargetAttributes = {
					B0288840246A8CFE0039C0B3 = {
						CreatedOnToolsVersion = 11.4.1;
					};
				};
			};
			buildConfigurationList = B028883C246A8CFE0039C0B3 /* Build configuration list for PBXProject "ConvertHiragana" */;
			compatibilityVersion = "Xcode 9.3";
			developmentRegion = en;
			hasScannedForEncodings = 0;
			knownRegions = (
				en,
				Base,
			);
			mainGroup = B0288838246A8CFE0039C0B3;
			productRefGroup = B0288842246A8CFE0039C0B3 /* Products */;
			projectDirPath = "";
			projectRoot = "";
			targets = (
				B0288840246A8CFE0039C0B3 /* ConvertHiragana */,
			);
		};
/* End PBXProject section */

/* Begin PBXResourcesBuildPhase section */
		B028883F246A8CFE0039C0B3 /* Resources */ = {
			isa = PBXResourcesBuildPhase;
			buildActionMask = 2147483647;
			files = (
				B0288851246A8D010039C0B3 /* LaunchScreen.storyboard in Resources */,
				B028884E246A8D010039C0B3 /* Assets.xcassets in Resources */,
				B028884C246A8CFE0039C0B3 /* Main.storyboard in Resources */,
			);
			runOnlyForDeploymentPostprocessing = 0;
		};
/* End PBXResourcesBuildPhase section */

/* Begin PBXShellScriptBuildPhase section */
		C9054CE7161F9B93A3E84FB7 /* [CP] Embed Pods Frameworks */ = {
			isa = PBXShellScriptBuildPhase;
			buildActionMask = 2147483647;
			files = (
			);
			inputFileListPaths = (
				"${PODS_ROOT}/Target Support Files/Pods-ConvertHiragana/Pods-ConvertHiragana-frameworks-${CONFIGURATION}-input-files.xcfilelist",
			);
			name = "[CP] Embed Pods Frameworks";
			outputFileListPaths = (
				"${PODS_ROOT}/Target Support Files/Pods-ConvertHiragana/Pods-ConvertHiragana-frameworks-${CONFIGURATION}-output-files.xcfilelist",
			);
			runOnlyForDeploymentPostprocessing = 0;
			shellPath = /bin/sh;
			shellScript = "\"${PODS_ROOT}/Target Support Files/Pods-ConvertHiragana/Pods-ConvertHiragana-frameworks.sh\"\n";
			showEnvVarsInLog = 0;
		};
		E283A76C9FEF42C76C1E9F72 /* [CP] Check Pods Manifest.lock */ = {
			isa = PBXShellScriptBuildPhase;
			buildActionMask = 2147483647;
			files = (
			);
			inputFileListPaths = (
			);
			inputPaths = (
				"${PODS_PODFILE_DIR_PATH}/Podfile.lock",
				"${PODS_ROOT}/Manifest.lock",
			);
			name = "[CP] Check Pods Manifest.lock";
			outputFileListPaths = (
			);
			outputPaths = (
				"$(DERIVED_FILE_DIR)/Pods-ConvertHiragana-checkManifestLockResult.txt",
			);
			runOnlyForDeploymentPostprocessing = 0;
			shellPath = /bin/sh;
			shellScript = "diff \"${PODS_PODFILE_DIR_PATH}/Podfile.lock\" \"${PODS_ROOT}/Manifest.lock\" > /dev/null\nif [ $? != 0 ] ; then\n    # print error to STDERR\n    echo \"error: The sandbox is not in sync with the Podfile.lock. Run 'pod install' or update your CocoaPods installation.\" >&2\n    exit 1\nfi\n# This output is used by Xcode 'outputs' to avoid re-running this script phase.\necho \"SUCCESS\" > \"${SCRIPT_OUTPUT_FILE_0}\"\n";
			showEnvVarsInLog = 0;
		};
/* End PBXShellScriptBuildPhase section */

/* Begin PBXSourcesBuildPhase section */
		B028883D246A8CFE0039C0B3 /* Sources */ = {
			isa = PBXSourcesBuildPhase;
			buildActionMask = 2147483647;
			files = (
				B01E32A3246A968700C67874 /* SecretToken.swift in Sources */,
				B028886D246A93950039C0B3 /* API.swift in Sources */,
				B0288849246A8CFE0039C0B3 /* ViewController.swift in Sources */,
				B028885F246A90380039C0B3 /* FirstView.swift in Sources */,
				B0288845246A8CFE0039C0B3 /* AppDelegate.swift in Sources */,
				B0288867246A90760039C0B3 /* FirstViewController.swift in Sources */,
				B0288863246A90530039C0B3 /* ConvertedView.swift in Sources */,
				B028886B246A90940039C0B3 /* ConvertedViewController.swift in Sources */,
				B0288861246A90450039C0B3 /* MainView.swift in Sources */,
				B0288869246A90820039C0B3 /* MainViewController.swift in Sources */,
				B0288847246A8CFE0039C0B3 /* SceneDelegate.swift in Sources */,
				B0288865246A90650039C0B3 /* Extensions.swift in Sources */,
				B028886F246A93BA0039C0B3 /* SecretToken.swift in Sources */,
			);
			runOnlyForDeploymentPostprocessing = 0;
		};
/* End PBXSourcesBuildPhase section */

/* Begin PBXVariantGroup section */
		B028884A246A8CFE0039C0B3 /* Main.storyboard */ = {
			isa = PBXVariantGroup;
			children = (
				B028884B246A8CFE0039C0B3 /* Base */,
			);
			name = Main.storyboard;
			sourceTree = "<group>";
		};
		B028884F246A8D010039C0B3 /* LaunchScreen.storyboard */ = {
			isa = PBXVariantGroup;
			children = (
				B0288850246A8D010039C0B3 /* Base */,
			);
			name = LaunchScreen.storyboard;
			sourceTree = "<group>";
		};
/* End PBXVariantGroup section */

/* Begin XCBuildConfiguration section */
		B0288853246A8D010039C0B3 /* Debug */ = {
			isa = XCBuildConfiguration;
			buildSettings = {
				ALWAYS_SEARCH_USER_PATHS = NO;
				CLANG_ANALYZER_NONNULL = YES;
				CLANG_ANALYZER_NUMBER_OBJECT_CONVERSION = YES_AGGRESSIVE;
				CLANG_CXX_LANGUAGE_STANDARD = "gnu++14";
				CLANG_CXX_LIBRARY = "libc++";
				CLANG_ENABLE_MODULES = YES;
				CLANG_ENABLE_OBJC_ARC = YES;
				CLANG_ENABLE_OBJC_WEAK = YES;
				CLANG_WARN_BLOCK_CAPTURE_AUTORELEASING = YES;
				CLANG_WARN_BOOL_CONVERSION = YES;
				CLANG_WARN_COMMA = YES;
				CLANG_WARN_CONSTANT_CONVERSION = YES;
				CLANG_WARN_DEPRECATED_OBJC_IMPLEMENTATIONS = YES;
				CLANG_WARN_DIRECT_OBJC_ISA_USAGE = YES_ERROR;
				CLANG_WARN_DOCUMENTATION_COMMENTS = YES;
				CLANG_WARN_EMPTY_BODY = YES;
				CLANG_WARN_ENUM_CONVERSION = YES;
				CLANG_WARN_INFINITE_RECURSION = YES;
				CLANG_WARN_INT_CONVERSION = YES;
				CLANG_WARN_NON_LITERAL_NULL_CONVERSION = YES;
				CLANG_WARN_OBJC_IMPLICIT_RETAIN_SELF = YES;
				CLANG_WARN_OBJC_LITERAL_CONVERSION = YES;
				CLANG_WARN_OBJC_ROOT_CLASS = YES_ERROR;
				CLANG_WARN_RANGE_LOOP_ANALYSIS = YES;
				CLANG_WARN_STRICT_PROTOTYPES = YES;
				CLANG_WARN_SUSPICIOUS_MOVE = YES;
				CLANG_WARN_UNGUARDED_AVAILABILITY = YES_AGGRESSIVE;
				CLANG_WARN_UNREACHABLE_CODE = YES;
				CLANG_WARN__DUPLICATE_METHOD_MATCH = YES;
				COPY_PHASE_STRIP = NO;
				DEBUG_INFORMATION_FORMAT = dwarf;
				ENABLE_STRICT_OBJC_MSGSEND = YES;
				ENABLE_TESTABILITY = YES;
				GCC_C_LANGUAGE_STANDARD = gnu11;
				GCC_DYNAMIC_NO_PIC = NO;
				GCC_NO_COMMON_BLOCKS = YES;
				GCC_OPTIMIZATION_LEVEL = 0;
				GCC_PREPROCESSOR_DEFINITIONS = (
					"DEBUG=1",
					"$(inherited)",
				);
				GCC_WARN_64_TO_32_BIT_CONVERSION = YES;
				GCC_WARN_ABOUT_RETURN_TYPE = YES_ERROR;
				GCC_WARN_UNDECLARED_SELECTOR = YES;
				GCC_WARN_UNINITIALIZED_AUTOS = YES_AGGRESSIVE;
				GCC_WARN_UNUSED_FUNCTION = YES;
				GCC_WARN_UNUSED_VARIABLE = YES;
				IPHONEOS_DEPLOYMENT_TARGET = 13.4;
				MTL_ENABLE_DEBUG_INFO = INCLUDE_SOURCE;
				MTL_FAST_MATH = YES;
				ONLY_ACTIVE_ARCH = YES;
				SDKROOT = iphoneos;
				SWIFT_ACTIVE_COMPILATION_CONDITIONS = DEBUG;
				SWIFT_OPTIMIZATION_LEVEL = "-Onone";
			};
			name = Debug;
		};
		B0288854246A8D010039C0B3 /* Release */ = {
			isa = XCBuildConfiguration;
			buildSettings = {
				ALWAYS_SEARCH_USER_PATHS = NO;
				CLANG_ANALYZER_NONNULL = YES;
				CLANG_ANALYZER_NUMBER_OBJECT_CONVERSION = YES_AGGRESSIVE;
				CLANG_CXX_LANGUAGE_STANDARD = "gnu++14";
				CLANG_CXX_LIBRARY = "libc++";
				CLANG_ENABLE_MODULES = YES;
				CLANG_ENABLE_OBJC_ARC = YES;
				CLANG_ENABLE_OBJC_WEAK = YES;
				CLANG_WARN_BLOCK_CAPTURE_AUTORELEASING = YES;
				CLANG_WARN_BOOL_CONVERSION = YES;
				CLANG_WARN_COMMA = YES;
				CLANG_WARN_CONSTANT_CONVERSION = YES;
				CLANG_WARN_DEPRECATED_OBJC_IMPLEMENTATIONS = YES;
				CLANG_WARN_DIRECT_OBJC_ISA_USAGE = YES_ERROR;
				CLANG_WARN_DOCUMENTATION_COMMENTS = YES;
				CLANG_WARN_EMPTY_BODY = YES;
				CLANG_WARN_ENUM_CONVERSION = YES;
				CLANG_WARN_INFINITE_RECURSION = YES;
				CLANG_WARN_INT_CONVERSION = YES;
				CLANG_WARN_NON_LITERAL_NULL_CONVERSION = YES;
				CLANG_WARN_OBJC_IMPLICIT_RETAIN_SELF = YES;
				CLANG_WARN_OBJC_LITERAL_CONVERSION = YES;
				CLANG_WARN_OBJC_ROOT_CLASS = YES_ERROR;
				CLANG_WARN_RANGE_LOOP_ANALYSIS = YES;
				CLANG_WARN_STRICT_PROTOTYPES = YES;
				CLANG_WARN_SUSPICIOUS_MOVE = YES;
				CLANG_WARN_UNGUARDED_AVAILABILITY = YES_AGGRESSIVE;
				CLANG_WARN_UNREACHABLE_CODE = YES;
				CLANG_WARN__DUPLICATE_METHOD_MATCH = YES;
				COPY_PHASE_STRIP = NO;
				DEBUG_INFORMATION_FORMAT = "dwarf-with-dsym";
				ENABLE_NS_ASSERTIONS = NO;
				ENABLE_STRICT_OBJC_MSGSEND = YES;
				GCC_C_LANGUAGE_STANDARD = gnu11;
				GCC_NO_COMMON_BLOCKS = YES;
				GCC_WARN_64_TO_32_BIT_CONVERSION = YES;
				GCC_WARN_ABOUT_RETURN_TYPE = YES_ERROR;
				GCC_WARN_UNDECLARED_SELECTOR = YES;
				GCC_WARN_UNINITIALIZED_AUTOS = YES_AGGRESSIVE;
				GCC_WARN_UNUSED_FUNCTION = YES;
				GCC_WARN_UNUSED_VARIABLE = YES;
				IPHONEOS_DEPLOYMENT_TARGET = 13.4;
				MTL_ENABLE_DEBUG_INFO = NO;
				MTL_FAST_MATH = YES;
				SDKROOT = iphoneos;
				SWIFT_COMPILATION_MODE = wholemodule;
				SWIFT_OPTIMIZATION_LEVEL = "-O";
				VALIDATE_PRODUCT = YES;
			};
			name = Release;
		};
		B0288856246A8D010039C0B3 /* Debug */ = {
			isa = XCBuildConfiguration;
			baseConfigurationReference = CA0D501D7F94C6FD00B75EE5 /* Pods-ConvertHiragana.debug.xcconfig */;
			buildSettings = {
				ASSETCATALOG_COMPILER_APPICON_NAME = AppIcon;
				CODE_SIGN_STYLE = Automatic;
				INFOPLIST_FILE = ConvertHiragana/Info.plist;
				LD_RUNPATH_SEARCH_PATHS = (
					"$(inherited)",
					"@executable_path/Frameworks",
				);
				PRODUCT_BUNDLE_IDENTIFIER = "com.naoki-yuzu.ConvertHiragana";
				PRODUCT_NAME = "$(TARGET_NAME)";
				SWIFT_VERSION = 5.0;
				TARGETED_DEVICE_FAMILY = "1,2";
			};
			name = Debug;
		};
		B0288857246A8D010039C0B3 /* Release */ = {
			isa = XCBuildConfiguration;
			baseConfigurationReference = 0175682F7FD2E21D3D3551C3 /* Pods-ConvertHiragana.release.xcconfig */;
			buildSettings = {
				ASSETCATALOG_COMPILER_APPICON_NAME = AppIcon;
				CODE_SIGN_STYLE = Automatic;
				INFOPLIST_FILE = ConvertHiragana/Info.plist;
				LD_RUNPATH_SEARCH_PATHS = (
					"$(inherited)",
					"@executable_path/Frameworks",
				);
				PRODUCT_BUNDLE_IDENTIFIER = "com.naoki-yuzu.ConvertHiragana";
				PRODUCT_NAME = "$(TARGET_NAME)";
				SWIFT_VERSION = 5.0;
				TARGETED_DEVICE_FAMILY = "1,2";
			};
			name = Release;
		};
/* End XCBuildConfiguration section */

/* Begin XCConfigurationList section */
		B028883C246A8CFE0039C0B3 /* Build configuration list for PBXProject "ConvertHiragana" */ = {
			isa = XCConfigurationList;
			buildConfigurations = (
				B0288853246A8D010039C0B3 /* Debug */,
				B0288854246A8D010039C0B3 /* Release */,
			);
			defaultConfigurationIsVisible = 0;
			defaultConfigurationName = Release;
		};
		B0288855246A8D010039C0B3 /* Build configuration list for PBXNativeTarget "ConvertHiragana" */ = {
			isa = XCConfigurationList;
			buildConfigurations = (
				B0288856246A8D010039C0B3 /* Debug */,
				B0288857246A8D010039C0B3 /* Release */,
			);
			defaultConfigurationIsVisible = 0;
			defaultConfigurationName = Release;
		};
/* End XCConfigurationList section */
	};
	rootObject = B0288839246A8CFE0039C0B3 /* Project object */;
}
